<Solution>
  <Folder Name="/samples/">
    <Project Path="samples/SalesforceClient.ConsoleSample/SalesforceClient.ConsoleSample.csproj" />
  </Folder>
  <Folder Name="/src/">
    <Project Path="src/SalesforceClient.Abstractions/SalesforceClient.Abstractions.csproj" />
    <Project Path="src/SalesforceClient.Configuration/SalesforceClient.Configuration.csproj" />
    <Project Path="src/SalesforceClient.NetCoreForce/SalesforceClient.NetCoreForce.csproj" />
  </Folder>
  <Folder Name="/tests/">
    <Project Path="tests/SalesforceClient.Tests/SalesforceClient.Tests.csproj" />
  </Folder>
</Solution>
